
Microsoft Visual Studio Solution File, Format Version 12.00
# Visual Studio Version 17
VisualStudioVersion = 17.14.36408.4
MinimumVisualStudioVersion = 10.0.40219.1
Project("{FAE04EC0-301F-11D3-BF4B-00C04F79EFBC}") = "Fighting_Game", "Fighting_Game.csproj", "{4D33C17C-6124-4E80-BC19-461A1AFF3CBC}"
EndProject
Global
	GlobalSection(SolutionConfigurationPlatforms) = preSolution
		Debug|Any CPU = Debug|Any CPU
		Release|Any CPU = Release|Any CPU
	EndGlobalSection
	GlobalSection(ProjectConfigurationPlatforms) = postSolution
		{4D33C17C-6124-4E80-BC19-461A1AFF3CBC}.Debug|Any CPU.ActiveCfg = Debug|Any CPU
		{4D33C17C-6124-4E80-BC19-461A1AFF3CBC}.Debug|Any CPU.Build.0 = Debug|Any CPU
		{4D33C17C-6124-4E80-BC19-461A1AFF3CBC}.Release|Any CPU.ActiveCfg = Release|Any CPU
		{4D33C17C-6124-4E80-BC19-461A1AFF3CBC}.Release|Any CPU.Build.0 = Release|Any CPU
	EndGlobalSection
	GlobalSection(SolutionProperties) = preSolution
		HideSolutionNode = FALSE
	EndGlobalSection
	GlobalSection(ExtensibilityGlobals) = postSolution
		SolutionGuid = {FEDC105C-E433-4D8C-8B0E-75F13F407E0E}
	EndGlobalSection
EndGlobal
